
Microsoft Visual Studio Solution File, Format Version 12.00
# Visual Studio Version 17
VisualStudioVersion = 17.4.33213.308
MinimumVisualStudioVersion = 10.0.40219.1
Project("{888888A0-9F3D-457C-B088-3A5042F75D52}") = "PythonScripts", "PythonScripts.pyproj", "{583CCD32-330A-43E0-BC88-739433A7E7FA}"
EndProject
Global
	GlobalSection(SolutionConfigurationPlatforms) = preSolution
		Debug|Any CPU = Debug|Any CPU
		Release|Any CPU = Release|Any CPU
	EndGlobalSection
	GlobalSection(ProjectConfigurationPlatforms) = postSolution
		{583CCD32-330A-43E0-BC88-739433A7E7FA}.Debug|Any CPU.ActiveCfg = Debug|Any CPU
		{583CCD32-330A-43E0-BC88-739433A7E7FA}.Release|Any CPU.ActiveCfg = Release|Any CPU
	EndGlobalSection
	GlobalSection(SolutionProperties) = preSolution
		HideSolutionNode = FALSE
	EndGlobalSection
	GlobalSection(ExtensibilityGlobals) = postSolution
		SolutionGuid = {470AC7E8-A4E2-45BF-A3F7-55C15018EA6B}
	EndGlobalSection
EndGlobal
